
Microsoft Visual Studio Solution File, Format Version 12.00
# Visual Studio Version 16
VisualStudioVersion = 16.0.30907.101
MinimumVisualStudioVersion = 10.0.40219.1
Project("{FAE04EC0-301F-11D3-BF4B-00C04F79EFBC}") = "LootSaber", "LootSaber\LootSaber.csproj", "{24978E7D-89F6-4C3B-8E2C-85653B0CA04C}"
EndProject
Global
	GlobalSection(SolutionConfigurationPlatforms) = preSolution
		Debug|Any CPU = Debug|Any CPU
		Release|Any CPU = Release|Any CPU
	EndGlobalSection
	GlobalSection(ProjectConfigurationPlatforms) = postSolution
		{24978E7D-89F6-4C3B-8E2C-85653B0CA04C}.Debug|Any CPU.ActiveCfg = Debug|Any CPU
		{24978E7D-89F6-4C3B-8E2C-85653B0CA04C}.Debug|Any CPU.Build.0 = Debug|Any CPU
		{24978E7D-89F6-4C3B-8E2C-85653B0CA04C}.Release|Any CPU.ActiveCfg = Release|Any CPU
		{24978E7D-89F6-4C3B-8E2C-85653B0CA04C}.Release|Any CPU.Build.0 = Release|Any CPU
	EndGlobalSection
	GlobalSection(SolutionProperties) = preSolution
		HideSolutionNode = FALSE
	EndGlobalSection
	GlobalSection(ExtensibilityGlobals) = postSolution
		SolutionGuid = {7F792AFA-7D2C-4A27-9B9F-F6CA830AA48B}
	EndGlobalSection
EndGlobal
